{
  "name": "types-storybook-vue",
  "version": "0.1.1",
  "lockfileVersion": 1,
  "requires": true,
  "dependencies": {
    "@types/react": {
      "version": "16.0.34",
      "resolved": "https://registry.npmjs.org/@types/react/-/react-16.0.34.tgz",
      "integrity": "sha512-Ee66fX2qMsDnDq7sPnDtq1bGoo479j6Fo1BlSnne+L5rp6ndzBUgz72+MRNuN56zg9uuteRCkJAMdDJEX2Uqig=="
    },
    "@types/webpack-env": {
      "version": "1.13.3",
      "resolved": "https://registry.npmjs.org/@types/webpack-env/-/webpack-env-1.13.3.tgz",
      "integrity": "sha512-lLa+/oIfCzfmjyMWmQpJWlxuw2pWRqCZojg1JVtonAiMNISOGaEtowl+mffuFg7AghO2dwYulZBGV1Od2PZQ9A=="
    },
    "vue": {
      "version": "2.5.13",
      "resolved": "https://registry.npmjs.org/vue/-/vue-2.5.13.tgz",
      "integrity": "sha512-3D+lY7HTkKbtswDM4BBHgqyq+qo8IAEE8lz8va1dz3LLmttjgo0FxairO4r1iN2OBqk8o1FyL4hvzzTFEdQSEw==",
      "dev": true
    }
  }
}
